
Microsoft Visual Studio Solution File, Format Version 12.00
Project("{FAE04EC0-301F-11D3-BF4B-00C04F79EFBC}") = "BenBristow.AspNetCore.DataValidationException", "Library\BenBristow.AspNetCore.DataValidationException.csproj", "{79422DDF-ECE1-4AA4-A7FE-98050D18402D}"
EndProject
Project("{FAE04EC0-301F-11D3-BF4B-00C04F79EFBC}") = "BenBristow.AspNetCore.DataValidationException.Tests", "Tests\BenBristow.AspNetCore.DataValidationException.Tests.csproj", "{8BBDCB41-DD8A-47CB-93A0-45F138A4C917}"
EndProject
Global
	GlobalSection(SolutionConfigurationPlatforms) = preSolution
		Debug|Any CPU = Debug|Any CPU
		Release|Any CPU = Release|Any CPU
	EndGlobalSection
	GlobalSection(ProjectConfigurationPlatforms) = postSolution
		{79422DDF-ECE1-4AA4-A7FE-98050D18402D}.Debug|Any CPU.ActiveCfg = Debug|Any CPU
		{79422DDF-ECE1-4AA4-A7FE-98050D18402D}.Debug|Any CPU.Build.0 = Debug|Any CPU
		{79422DDF-ECE1-4AA4-A7FE-98050D18402D}.Release|Any CPU.ActiveCfg = Release|Any CPU
		{79422DDF-ECE1-4AA4-A7FE-98050D18402D}.Release|Any CPU.Build.0 = Release|Any CPU
		{8BBDCB41-DD8A-47CB-93A0-45F138A4C917}.Debug|Any CPU.ActiveCfg = Debug|Any CPU
		{8BBDCB41-DD8A-47CB-93A0-45F138A4C917}.Debug|Any CPU.Build.0 = Debug|Any CPU
		{8BBDCB41-DD8A-47CB-93A0-45F138A4C917}.Release|Any CPU.ActiveCfg = Release|Any CPU
		{8BBDCB41-DD8A-47CB-93A0-45F138A4C917}.Release|Any CPU.Build.0 = Release|Any CPU
	EndGlobalSection
EndGlobal
